
Microsoft Visual Studio Solution File, Format Version 12.00
# Visual Studio 15
Project("{FAE04EC0-301F-11D3-BF4B-00C04F79EFBC}") = "Common.Data", "src\Common.Data.csproj", "{293354A3-CD1D-4413-9CF4-F25701858C6A}"
EndProject
Project("{FAE04EC0-301F-11D3-BF4B-00C04F79EFBC}") = "Common.Data.Tests", "test\unit\Common.Data.Tests.csproj", "{53DBAA5E-A79B-4662-92C0-9CBA51051DB8}"
EndProject
Global
	GlobalSection(SolutionConfigurationPlatforms) = preSolution
		Debug|Any CPU = Debug|Any CPU
		Release|Any CPU = Release|Any CPU
	EndGlobalSection
	GlobalSection(ProjectConfigurationPlatforms) = postSolution
		{293354A3-CD1D-4413-9CF4-F25701858C6A}.Debug|Any CPU.ActiveCfg = Debug|Any CPU
		{293354A3-CD1D-4413-9CF4-F25701858C6A}.Debug|Any CPU.Build.0 = Debug|Any CPU
		{293354A3-CD1D-4413-9CF4-F25701858C6A}.Release|Any CPU.ActiveCfg = Release|Any CPU
		{293354A3-CD1D-4413-9CF4-F25701858C6A}.Release|Any CPU.Build.0 = Release|Any CPU
		{53DBAA5E-A79B-4662-92C0-9CBA51051DB8}.Debug|Any CPU.ActiveCfg = Debug|Any CPU
		{53DBAA5E-A79B-4662-92C0-9CBA51051DB8}.Debug|Any CPU.Build.0 = Debug|Any CPU
		{53DBAA5E-A79B-4662-92C0-9CBA51051DB8}.Release|Any CPU.ActiveCfg = Release|Any CPU
		{53DBAA5E-A79B-4662-92C0-9CBA51051DB8}.Release|Any CPU.Build.0 = Release|Any CPU
	EndGlobalSection
EndGlobal
