
Microsoft Visual Studio Solution File, Format Version 12.00
# Visual Studio 15
Project("{FAE04EC0-301F-11D3-BF4B-00C04F79EFBC}") = "Database", "src\Database.csproj", "{45D9118F-76B1-4D72-BE8C-B589F5AE0CC8}"
EndProject
Project("{FAE04EC0-301F-11D3-BF4B-00C04F79EFBC}") = "DatabaseTests", "test\unit\DatabaseTests.csproj", "{9C9C2005-1A4C-4AA1-A668-161ADB6A1C1A}"
EndProject
Global
	GlobalSection(SolutionConfigurationPlatforms) = preSolution
		Debug|Any CPU = Debug|Any CPU
		Release|Any CPU = Release|Any CPU
	EndGlobalSection
	GlobalSection(ProjectConfigurationPlatforms) = postSolution
		{45D9118F-76B1-4D72-BE8C-B589F5AE0CC8}.Debug|Any CPU.ActiveCfg = Debug|Any CPU
		{45D9118F-76B1-4D72-BE8C-B589F5AE0CC8}.Debug|Any CPU.Build.0 = Debug|Any CPU
		{45D9118F-76B1-4D72-BE8C-B589F5AE0CC8}.Release|Any CPU.ActiveCfg = Release|Any CPU
		{45D9118F-76B1-4D72-BE8C-B589F5AE0CC8}.Release|Any CPU.Build.0 = Release|Any CPU
		{9C9C2005-1A4C-4AA1-A668-161ADB6A1C1A}.Debug|Any CPU.ActiveCfg = Debug|Any CPU
		{9C9C2005-1A4C-4AA1-A668-161ADB6A1C1A}.Debug|Any CPU.Build.0 = Debug|Any CPU
		{9C9C2005-1A4C-4AA1-A668-161ADB6A1C1A}.Release|Any CPU.ActiveCfg = Release|Any CPU
		{9C9C2005-1A4C-4AA1-A668-161ADB6A1C1A}.Release|Any CPU.Build.0 = Release|Any CPU
	EndGlobalSection
EndGlobal
