
Microsoft Visual Studio Solution File, Format Version 12.00
# Visual Studio 15
VisualStudioVersion = 15.0.26124.0
MinimumVisualStudioVersion = 15.0.26124.0
Project("{9A19103F-16F7-4668-BE54-9A1E7A4F7556}") = "ImmunizationTests", "test\unit\ImmunizationTests.csproj", "{30741500-8F59-45CF-B753-14EBE6EE275E}"
EndProject
Project("{FAE04EC0-301F-11D3-BF4B-00C04F79EFBC}") = "Immunization", "src\Immunization.csproj", "{1842E377-23AD-4A52-881E-F0B82E7893A8}"
EndProject
Project("{FAE04EC0-301F-11D3-BF4B-00C04F79EFBC}") = "Common", "..\Common\src\Common.csproj", "{2168A472-86BE-4ACA-B2EF-761D2128DF82}"
EndProject
Project("{FAE04EC0-301F-11D3-BF4B-00C04F79EFBC}") = "ImmunizationTestsFunctional", "test\functional\ImmunizationTestsFunctional.csproj", "{DFBA69C6-97D9-4CCF-BEDA-C9246862CD0C}"
EndProject
Global
	GlobalSection(SolutionConfigurationPlatforms) = preSolution
		Debug|Any CPU = Debug|Any CPU
		Debug|x64 = Debug|x64
		Debug|x86 = Debug|x86
		Release|Any CPU = Release|Any CPU
		Release|x64 = Release|x64
		Release|x86 = Release|x86
	EndGlobalSection
	GlobalSection(ProjectConfigurationPlatforms) = postSolution
		{30741500-8F59-45CF-B753-14EBE6EE275E}.Debug|Any CPU.ActiveCfg = Debug|Any CPU
		{30741500-8F59-45CF-B753-14EBE6EE275E}.Debug|Any CPU.Build.0 = Debug|Any CPU
		{30741500-8F59-45CF-B753-14EBE6EE275E}.Debug|x64.ActiveCfg = Debug|Any CPU
		{30741500-8F59-45CF-B753-14EBE6EE275E}.Debug|x64.Build.0 = Debug|Any CPU
		{30741500-8F59-45CF-B753-14EBE6EE275E}.Debug|x86.ActiveCfg = Debug|Any CPU
		{30741500-8F59-45CF-B753-14EBE6EE275E}.Debug|x86.Build.0 = Debug|Any CPU
		{30741500-8F59-45CF-B753-14EBE6EE275E}.Release|Any CPU.ActiveCfg = Release|Any CPU
		{30741500-8F59-45CF-B753-14EBE6EE275E}.Release|Any CPU.Build.0 = Release|Any CPU
		{30741500-8F59-45CF-B753-14EBE6EE275E}.Release|x64.ActiveCfg = Release|Any CPU
		{30741500-8F59-45CF-B753-14EBE6EE275E}.Release|x64.Build.0 = Release|Any CPU
		{30741500-8F59-45CF-B753-14EBE6EE275E}.Release|x86.ActiveCfg = Release|Any CPU
		{30741500-8F59-45CF-B753-14EBE6EE275E}.Release|x86.Build.0 = Release|Any CPU
		{8A2DECE6-7253-4B1C-B01A-751AE1586811}.Debug|Any CPU.ActiveCfg = Debug|Any CPU
		{8A2DECE6-7253-4B1C-B01A-751AE1586811}.Debug|Any CPU.Build.0 = Debug|Any CPU
		{8A2DECE6-7253-4B1C-B01A-751AE1586811}.Debug|x64.ActiveCfg = Debug|Any CPU
		{8A2DECE6-7253-4B1C-B01A-751AE1586811}.Debug|x64.Build.0 = Debug|Any CPU
		{8A2DECE6-7253-4B1C-B01A-751AE1586811}.Debug|x86.ActiveCfg = Debug|Any CPU
		{8A2DECE6-7253-4B1C-B01A-751AE1586811}.Debug|x86.Build.0 = Debug|Any CPU
		{8A2DECE6-7253-4B1C-B01A-751AE1586811}.Release|Any CPU.ActiveCfg = Release|Any CPU
		{8A2DECE6-7253-4B1C-B01A-751AE1586811}.Release|Any CPU.Build.0 = Release|Any CPU
		{8A2DECE6-7253-4B1C-B01A-751AE1586811}.Release|x64.ActiveCfg = Release|Any CPU
		{8A2DECE6-7253-4B1C-B01A-751AE1586811}.Release|x64.Build.0 = Release|Any CPU
		{8A2DECE6-7253-4B1C-B01A-751AE1586811}.Release|x86.ActiveCfg = Release|Any CPU
		{8A2DECE6-7253-4B1C-B01A-751AE1586811}.Release|x86.Build.0 = Release|Any CPU
		{2168A472-86BE-4ACA-B2EF-761D2128DF82}.Debug|Any CPU.ActiveCfg = Debug|Any CPU
		{2168A472-86BE-4ACA-B2EF-761D2128DF82}.Debug|Any CPU.Build.0 = Debug|Any CPU
		{2168A472-86BE-4ACA-B2EF-761D2128DF82}.Debug|x64.ActiveCfg = Debug|Any CPU
		{2168A472-86BE-4ACA-B2EF-761D2128DF82}.Debug|x64.Build.0 = Debug|Any CPU
		{2168A472-86BE-4ACA-B2EF-761D2128DF82}.Debug|x86.ActiveCfg = Debug|Any CPU
		{2168A472-86BE-4ACA-B2EF-761D2128DF82}.Debug|x86.Build.0 = Debug|Any CPU
		{2168A472-86BE-4ACA-B2EF-761D2128DF82}.Release|Any CPU.ActiveCfg = Release|Any CPU
		{2168A472-86BE-4ACA-B2EF-761D2128DF82}.Release|Any CPU.Build.0 = Release|Any CPU
		{2168A472-86BE-4ACA-B2EF-761D2128DF82}.Release|x64.ActiveCfg = Release|Any CPU
		{2168A472-86BE-4ACA-B2EF-761D2128DF82}.Release|x64.Build.0 = Release|Any CPU
		{2168A472-86BE-4ACA-B2EF-761D2128DF82}.Release|x86.ActiveCfg = Release|Any CPU
		{2168A472-86BE-4ACA-B2EF-761D2128DF82}.Release|x86.Build.0 = Release|Any CPU
		{DFBA69C6-97D9-4CCF-BEDA-C9246862CD0C}.Debug|Any CPU.ActiveCfg = Debug|Any CPU
		{DFBA69C6-97D9-4CCF-BEDA-C9246862CD0C}.Debug|Any CPU.Build.0 = Debug|Any CPU
		{DFBA69C6-97D9-4CCF-BEDA-C9246862CD0C}.Debug|x64.ActiveCfg = Debug|Any CPU
		{DFBA69C6-97D9-4CCF-BEDA-C9246862CD0C}.Debug|x64.Build.0 = Debug|Any CPU
		{DFBA69C6-97D9-4CCF-BEDA-C9246862CD0C}.Debug|x86.ActiveCfg = Debug|Any CPU
		{DFBA69C6-97D9-4CCF-BEDA-C9246862CD0C}.Debug|x86.Build.0 = Debug|Any CPU
		{DFBA69C6-97D9-4CCF-BEDA-C9246862CD0C}.Release|Any CPU.ActiveCfg = Release|Any CPU
		{DFBA69C6-97D9-4CCF-BEDA-C9246862CD0C}.Release|Any CPU.Build.0 = Release|Any CPU
		{DFBA69C6-97D9-4CCF-BEDA-C9246862CD0C}.Release|x64.ActiveCfg = Release|Any CPU
		{DFBA69C6-97D9-4CCF-BEDA-C9246862CD0C}.Release|x64.Build.0 = Release|Any CPU
		{DFBA69C6-97D9-4CCF-BEDA-C9246862CD0C}.Release|x86.ActiveCfg = Release|Any CPU
		{DFBA69C6-97D9-4CCF-BEDA-C9246862CD0C}.Release|x86.Build.0 = Release|Any CPU
	EndGlobalSection
	GlobalSection(SolutionProperties) = preSolution
		HideSolutionNode = FALSE
	EndGlobalSection
	GlobalSection(ExtensibilityGlobals) = postSolution
		SolutionGuid = {BE46271C-4B31-4344-AA2E-E94EE6936055}
	EndGlobalSection
EndGlobal
