
Microsoft Visual Studio Solution File, Format Version 12.00
# Visual Studio 15
Project("{FAE04EC0-301F-11D3-BF4B-00C04F79EFBC}") = "Hangfire", ".\src\Hangfire.csproj", "{DA717494-97F2-41E4-9219-84A1F1DA0BAC}"
EndProject
Project("{FAE04EC0-301F-11D3-BF4B-00C04F79EFBC}") = "Common", "..\Common\src\Common.csproj", "{F5DE53A6-214B-479C-8B6F-140685EA9985}"
EndProject
Project("{FAE04EC0-301F-11D3-BF4B-00C04F79EFBC}") = "Database", "..\Database\src\Database.csproj", "{9298C987-B6C6-4DD8-853B-B9DA74CC105C}"
EndProject
Global
	GlobalSection(SolutionConfigurationPlatforms) = preSolution
		Debug|Any CPU = Debug|Any CPU
		Release|Any CPU = Release|Any CPU
	EndGlobalSection
	GlobalSection(ProjectConfigurationPlatforms) = postSolution
		{DA717494-97F2-41E4-9219-84A1F1DA0BAC}.Debug|Any CPU.ActiveCfg = Debug|Any CPU
		{DA717494-97F2-41E4-9219-84A1F1DA0BAC}.Debug|Any CPU.Build.0 = Debug|Any CPU
		{DA717494-97F2-41E4-9219-84A1F1DA0BAC}.Release|Any CPU.ActiveCfg = Release|Any CPU
		{DA717494-97F2-41E4-9219-84A1F1DA0BAC}.Release|Any CPU.Build.0 = Release|Any CPU
		{F5DE53A6-214B-479C-8B6F-140685EA9985}.Debug|Any CPU.ActiveCfg = Debug|Any CPU
		{F5DE53A6-214B-479C-8B6F-140685EA9985}.Debug|Any CPU.Build.0 = Debug|Any CPU
		{F5DE53A6-214B-479C-8B6F-140685EA9985}.Release|Any CPU.ActiveCfg = Release|Any CPU
		{F5DE53A6-214B-479C-8B6F-140685EA9985}.Release|Any CPU.Build.0 = Release|Any CPU
		{9298C987-B6C6-4DD8-853B-B9DA74CC105C}.Debug|Any CPU.ActiveCfg = Debug|Any CPU
		{9298C987-B6C6-4DD8-853B-B9DA74CC105C}.Debug|Any CPU.Build.0 = Debug|Any CPU
		{9298C987-B6C6-4DD8-853B-B9DA74CC105C}.Release|Any CPU.ActiveCfg = Release|Any CPU
		{9298C987-B6C6-4DD8-853B-B9DA74CC105C}.Release|Any CPU.Build.0 = Release|Any CPU
	EndGlobalSection
EndGlobal
