Microsoft Visual Studio Solution File, Format Version 12.00
# Visual Studio Version 17
VisualStudioVersion = 17.5.2.0
MinimumVisualStudioVersion = 10.0.40219.1
Project("{FAE04EC0-301F-11D3-BF4B-00C04F79EFBC}") = "IntegrationTests", "tests\IntegrationTests.csproj", "{8CF9F19E-6DBC-C001-B224-0FF54ACC830F}"
EndProject
Global
	GlobalSection(SolutionConfigurationPlatforms) = preSolution
		Debug|Any CPU = Debug|Any CPU
		Release|Any CPU = Release|Any CPU
	EndGlobalSection
	GlobalSection(ProjectConfigurationPlatforms) = postSolution
		{8CF9F19E-6DBC-C001-B224-0FF54ACC830F}.Debug|Any CPU.ActiveCfg = Debug|Any CPU
		{8CF9F19E-6DBC-C001-B224-0FF54ACC830F}.Debug|Any CPU.Build.0 = Debug|Any CPU
		{8CF9F19E-6DBC-C001-B224-0FF54ACC830F}.Release|Any CPU.ActiveCfg = Release|Any CPU
		{8CF9F19E-6DBC-C001-B224-0FF54ACC830F}.Release|Any CPU.Build.0 = Release|Any CPU
	EndGlobalSection
	GlobalSection(SolutionProperties) = preSolution
		HideSolutionNode = FALSE
	EndGlobalSection
	GlobalSection(ExtensibilityGlobals) = postSolution
		SolutionGuid = {49D25C93-6CEF-43A4-857E-51A8E6EC2AA9}
	EndGlobalSection
EndGlobal
