
Microsoft Visual Studio Solution File, Format Version 12.00
# Visual Studio 15
VisualStudioVersion = 15.0.28307.329
MinimumVisualStudioVersion = 10.0.40219.1
Project("{9A19103F-16F7-4668-BE54-9A1E7A4F7556}") = "Common", "src\Common.csproj", "{8660083F-F582-47C6-BC98-6DCF0F4AC851}"
EndProject
Project("{FAE04EC0-301F-11D3-BF4B-00C04F79EFBC}") = "CommonTests", "test\unit\CommonTests.csproj", "{D55428F4-B07E-46AF-AB09-0F526701173F}"
EndProject
Project("{FAE04EC0-301F-11D3-BF4B-00C04F79EFBC}") = "Database", "..\Database\src\Database.csproj", "{744CD4E9-9CC9-4E7D-BB63-E395DD518FB8}"
EndProject
Global
	GlobalSection(SolutionConfigurationPlatforms) = preSolution
		Debug|Any CPU = Debug|Any CPU
		Release|Any CPU = Release|Any CPU
	EndGlobalSection
	GlobalSection(ProjectConfigurationPlatforms) = postSolution
		{8660083F-F582-47C6-BC98-6DCF0F4AC851}.Debug|Any CPU.ActiveCfg = Debug|Any CPU
		{8660083F-F582-47C6-BC98-6DCF0F4AC851}.Debug|Any CPU.Build.0 = Debug|Any CPU
		{8660083F-F582-47C6-BC98-6DCF0F4AC851}.Release|Any CPU.ActiveCfg = Release|Any CPU
		{8660083F-F582-47C6-BC98-6DCF0F4AC851}.Release|Any CPU.Build.0 = Release|Any CPU
		{D55428F4-B07E-46AF-AB09-0F526701173F}.Debug|Any CPU.ActiveCfg = Debug|Any CPU
		{D55428F4-B07E-46AF-AB09-0F526701173F}.Debug|Any CPU.Build.0 = Debug|Any CPU
		{D55428F4-B07E-46AF-AB09-0F526701173F}.Release|Any CPU.ActiveCfg = Release|Any CPU
		{D55428F4-B07E-46AF-AB09-0F526701173F}.Release|Any CPU.Build.0 = Release|Any CPU
		{744CD4E9-9CC9-4E7D-BB63-E395DD518FB8}.Debug|Any CPU.ActiveCfg = Debug|Any CPU
		{744CD4E9-9CC9-4E7D-BB63-E395DD518FB8}.Debug|Any CPU.Build.0 = Debug|Any CPU
		{744CD4E9-9CC9-4E7D-BB63-E395DD518FB8}.Release|Any CPU.ActiveCfg = Release|Any CPU
		{744CD4E9-9CC9-4E7D-BB63-E395DD518FB8}.Release|Any CPU.Build.0 = Release|Any CPU
	EndGlobalSection
	GlobalSection(SolutionProperties) = preSolution
		HideSolutionNode = FALSE
	EndGlobalSection
	GlobalSection(ExtensibilityGlobals) = postSolution
		SolutionGuid = {B3A24862-C4B4-4450-AEDF-869107BE8C49}
	EndGlobalSection
EndGlobal
