
Microsoft Visual Studio Solution File, Format Version 12.00
# Visual Studio 15
VisualStudioVersion = 15.0.28010.2003
MinimumVisualStudioVersion = 10.0.40219.1
Project("{FAE04EC0-301F-11D3-BF4B-00C04F79EFBC}") = "AdminWebClientTests", "test\unit\AdminWebClientTests.csproj", "{838A0BD5-3E14-440B-B8B3-86EF086F6D42}"
EndProject
Project("{9A19103F-16F7-4668-BE54-9A1E7A4F7556}") = "AdminWebClientTestsFunctional", "test\functional\api\AdminWebClientTestsFunctional.csproj", "{A7B597DB-8DD1-4FCC-BECF-E9BFFCAF6E4F}"
EndProject
Project("{FAE04EC0-301F-11D3-BF4B-00C04F79EFBC}") = "Common", "..\Common\src\Common.csproj", "{68F8A36B-D28A-48C2-BC55-639CF7E4BEF9}"
EndProject
Project("{FAE04EC0-301F-11D3-BF4B-00C04F79EFBC}") = "AdminWebClient", "src\AdminWebClient.csproj", "{166AF82A-D8E0-4E45-894E-7A9F0914876A}"
EndProject
Global
	GlobalSection(SolutionConfigurationPlatforms) = preSolution
		Debug|Any CPU = Debug|Any CPU
		Release|Any CPU = Release|Any CPU
		Debug|x64 = Debug|x64
		Debug|x86 = Debug|x86
		Release|x64 = Release|x64
		Release|x86 = Release|x86
	EndGlobalSection
	GlobalSection(ProjectConfigurationPlatforms) = postSolution
		{838A0BD5-3E14-440B-B8B3-86EF086F6D42}.Debug|Any CPU.ActiveCfg = Debug|Any CPU
		{838A0BD5-3E14-440B-B8B3-86EF086F6D42}.Debug|Any CPU.Build.0 = Debug|Any CPU
		{838A0BD5-3E14-440B-B8B3-86EF086F6D42}.Release|Any CPU.ActiveCfg = Release|Any CPU
		{838A0BD5-3E14-440B-B8B3-86EF086F6D42}.Release|Any CPU.Build.0 = Release|Any CPU
		{A7B597DB-8DD1-4FCC-BECF-E9BFFCAF6E4F}.Debug|Any CPU.ActiveCfg = Debug|Any CPU
		{A7B597DB-8DD1-4FCC-BECF-E9BFFCAF6E4F}.Debug|Any CPU.Build.0 = Debug|Any CPU
		{A7B597DB-8DD1-4FCC-BECF-E9BFFCAF6E4F}.Release|Any CPU.ActiveCfg = Release|Any CPU
		{A7B597DB-8DD1-4FCC-BECF-E9BFFCAF6E4F}.Release|Any CPU.Build.0 = Release|Any CPU
		{A7B597DB-8DD1-4FCC-BECF-E9BFFCAF6E4F}.Debug|x64.ActiveCfg = Debug|Any CPU
		{A7B597DB-8DD1-4FCC-BECF-E9BFFCAF6E4F}.Debug|x64.Build.0 = Debug|Any CPU
		{A7B597DB-8DD1-4FCC-BECF-E9BFFCAF6E4F}.Debug|x86.ActiveCfg = Debug|Any CPU
		{A7B597DB-8DD1-4FCC-BECF-E9BFFCAF6E4F}.Debug|x86.Build.0 = Debug|Any CPU
		{A7B597DB-8DD1-4FCC-BECF-E9BFFCAF6E4F}.Release|x64.ActiveCfg = Release|Any CPU
		{A7B597DB-8DD1-4FCC-BECF-E9BFFCAF6E4F}.Release|x64.Build.0 = Release|Any CPU
		{A7B597DB-8DD1-4FCC-BECF-E9BFFCAF6E4F}.Release|x86.ActiveCfg = Release|Any CPU
		{A7B597DB-8DD1-4FCC-BECF-E9BFFCAF6E4F}.Release|x86.Build.0 = Release|Any CPU
		{68F8A36B-D28A-48C2-BC55-639CF7E4BEF9}.Debug|Any CPU.ActiveCfg = Debug|Any CPU
		{68F8A36B-D28A-48C2-BC55-639CF7E4BEF9}.Debug|Any CPU.Build.0 = Debug|Any CPU
		{68F8A36B-D28A-48C2-BC55-639CF7E4BEF9}.Release|Any CPU.ActiveCfg = Release|Any CPU
		{68F8A36B-D28A-48C2-BC55-639CF7E4BEF9}.Release|Any CPU.Build.0 = Release|Any CPU
		{68F8A36B-D28A-48C2-BC55-639CF7E4BEF9}.Debug|x64.ActiveCfg = Debug|Any CPU
		{68F8A36B-D28A-48C2-BC55-639CF7E4BEF9}.Debug|x64.Build.0 = Debug|Any CPU
		{68F8A36B-D28A-48C2-BC55-639CF7E4BEF9}.Debug|x86.ActiveCfg = Debug|Any CPU
		{68F8A36B-D28A-48C2-BC55-639CF7E4BEF9}.Debug|x86.Build.0 = Debug|Any CPU
		{68F8A36B-D28A-48C2-BC55-639CF7E4BEF9}.Release|x64.ActiveCfg = Release|Any CPU
		{68F8A36B-D28A-48C2-BC55-639CF7E4BEF9}.Release|x64.Build.0 = Release|Any CPU
		{68F8A36B-D28A-48C2-BC55-639CF7E4BEF9}.Release|x86.ActiveCfg = Release|Any CPU
		{68F8A36B-D28A-48C2-BC55-639CF7E4BEF9}.Release|x86.Build.0 = Release|Any CPU
		{166AF82A-D8E0-4E45-894E-7A9F0914876A}.Debug|Any CPU.ActiveCfg = Debug|Any CPU
		{166AF82A-D8E0-4E45-894E-7A9F0914876A}.Debug|Any CPU.Build.0 = Debug|Any CPU
		{166AF82A-D8E0-4E45-894E-7A9F0914876A}.Release|Any CPU.ActiveCfg = Release|Any CPU
		{166AF82A-D8E0-4E45-894E-7A9F0914876A}.Release|Any CPU.Build.0 = Release|Any CPU
		{166AF82A-D8E0-4E45-894E-7A9F0914876A}.Debug|x64.ActiveCfg = Debug|Any CPU
		{166AF82A-D8E0-4E45-894E-7A9F0914876A}.Debug|x64.Build.0 = Debug|Any CPU
		{166AF82A-D8E0-4E45-894E-7A9F0914876A}.Debug|x86.ActiveCfg = Debug|Any CPU
		{166AF82A-D8E0-4E45-894E-7A9F0914876A}.Debug|x86.Build.0 = Debug|Any CPU
		{166AF82A-D8E0-4E45-894E-7A9F0914876A}.Release|x64.ActiveCfg = Release|Any CPU
		{166AF82A-D8E0-4E45-894E-7A9F0914876A}.Release|x64.Build.0 = Release|Any CPU
		{166AF82A-D8E0-4E45-894E-7A9F0914876A}.Release|x86.ActiveCfg = Release|Any CPU
		{166AF82A-D8E0-4E45-894E-7A9F0914876A}.Release|x86.Build.0 = Release|Any CPU
	EndGlobalSection
	GlobalSection(SolutionProperties) = preSolution
		HideSolutionNode = FALSE
	EndGlobalSection
	GlobalSection(ExtensibilityGlobals) = postSolution
		SolutionGuid = {FEBD4BD6-299C-48F2-8D24-13F9B53219E2}
	EndGlobalSection
EndGlobal
