
Microsoft Visual Studio Solution File, Format Version 12.00
# Visual Studio 15
Project("{FAE04EC0-301F-11D3-BF4B-00C04F79EFBC}") = "Test", "Test.csproj", "{9E0A87FF-8B99-4B6D-8312-538196DE19BE}"
EndProject
Global
	GlobalSection(SolutionConfigurationPlatforms) = preSolution
		Debug|Any CPU = Debug|Any CPU
		Release|Any CPU = Release|Any CPU
	EndGlobalSection
	GlobalSection(ProjectConfigurationPlatforms) = postSolution
		{9E0A87FF-8B99-4B6D-8312-538196DE19BE}.Debug|Any CPU.ActiveCfg = Debug|Any CPU
		{9E0A87FF-8B99-4B6D-8312-538196DE19BE}.Debug|Any CPU.Build.0 = Debug|Any CPU
		{9E0A87FF-8B99-4B6D-8312-538196DE19BE}.Release|Any CPU.ActiveCfg = Release|Any CPU
		{9E0A87FF-8B99-4B6D-8312-538196DE19BE}.Release|Any CPU.Build.0 = Release|Any CPU
	EndGlobalSection
EndGlobal
