
Microsoft Visual Studio Solution File, Format Version 12.00
# Visual Studio 15
Project("{FAE04EC0-301F-11D3-BF4B-00C04F79EFBC}") = "test", "test\unit\PatientTests.csproj", "{8B029E4C-0356-4AA1-8C7C-F14868431D72}"
	ProjectSection(ProjectDependencies) = postProject
		{3DEB1A43-6D33-4F3F-95D6-91BA2F613185} = {3DEB1A43-6D33-4F3F-95D6-91BA2F613185}
	EndProjectSection
EndProject
Project("{FAE04EC0-301F-11D3-BF4B-00C04F79EFBC}") = "Patient", "src\Patient.csproj", "{3DEB1A43-6D33-4F3F-95D6-91BA2F613185}"
EndProject
Global
	GlobalSection(SolutionConfigurationPlatforms) = preSolution
		Debug|Any CPU = Debug|Any CPU
		Release|Any CPU = Release|Any CPU
	EndGlobalSection
	GlobalSection(ProjectConfigurationPlatforms) = postSolution
		{3DEB1A43-6D33-4F3F-95D6-91BA2F613185}.Debug|Any CPU.ActiveCfg = Debug|Any CPU
		{3DEB1A43-6D33-4F3F-95D6-91BA2F613185}.Debug|Any CPU.Build.0 = Debug|Any CPU
		{3DEB1A43-6D33-4F3F-95D6-91BA2F613185}.Release|Any CPU.ActiveCfg = Release|Any CPU
		{3DEB1A43-6D33-4F3F-95D6-91BA2F613185}.Release|Any CPU.Build.0 = Release|Any CPU

		{8B029E4C-0356-4AA1-8C7C-F14868431D72}.Debug|Any CPU.ActiveCfg = Debug|Any CPU
		{8B029E4C-0356-4AA1-8C7C-F14868431D72}.Debug|Any CPU.Build.0 = Debug|Any CPU
		{8B029E4C-0356-4AA1-8C7C-F14868431D72}.Release|Any CPU.ActiveCfg = Release|Any CPU
		{8B029E4C-0356-4AA1-8C7C-F14868431D72}.Release|Any CPU.Build.0 = Release|Any CPU
	EndGlobalSection
EndGlobal
