
Microsoft Visual Studio Solution File, Format Version 12.00
# Visual Studio 15
Project("{FAE04EC0-301F-11D3-BF4B-00C04F79EFBC}") = "DrugMaintainer", "DrugMaintainer.csproj", "{3A00882E-E99E-4B42-99D9-C8485378E606}"
EndProject
Project("{FAE04EC0-301F-11D3-BF4B-00C04F79EFBC}") = "Common", "..\Common\src\Common.csproj", "{84CFC171-6C08-4A73-85E2-DF81EB896D62}"
EndProject
Global
	GlobalSection(SolutionConfigurationPlatforms) = preSolution
		Debug|Any CPU = Debug|Any CPU
		Release|Any CPU = Release|Any CPU
	EndGlobalSection
	GlobalSection(ProjectConfigurationPlatforms) = postSolution
		{3A00882E-E99E-4B42-99D9-C8485378E606}.Debug|Any CPU.ActiveCfg = Debug|Any CPU
		{3A00882E-E99E-4B42-99D9-C8485378E606}.Debug|Any CPU.Build.0 = Debug|Any CPU
		{3A00882E-E99E-4B42-99D9-C8485378E606}.Release|Any CPU.ActiveCfg = Release|Any CPU
		{3A00882E-E99E-4B42-99D9-C8485378E606}.Release|Any CPU.Build.0 = Release|Any CPU
		{84CFC171-6C08-4A73-85E2-DF81EB896D62}.Debug|Any CPU.ActiveCfg = Debug|Any CPU
		{84CFC171-6C08-4A73-85E2-DF81EB896D62}.Debug|Any CPU.Build.0 = Debug|Any CPU
		{84CFC171-6C08-4A73-85E2-DF81EB896D62}.Release|Any CPU.ActiveCfg = Release|Any CPU
		{84CFC171-6C08-4A73-85E2-DF81EB896D62}.Release|Any CPU.Build.0 = Release|Any CPU
	EndGlobalSection
EndGlobal
