
Microsoft Visual Studio Solution File, Format Version 12.00
# Visual Studio Version 17
VisualStudioVersion = 17.2.32630.192
MinimumVisualStudioVersion = 15.0.26124.0
Project("{9A19103F-16F7-4668-BE54-9A1E7A4F7556}") = "Common", "Common\src\Common.csproj", "{8660083F-F582-47C6-BC98-6DCF0F4AC851}"
EndProject
Project("{9A19103F-16F7-4668-BE54-9A1E7A4F7556}") = "DBMaintainer", "DBMaintainer\DBMaintainer.csproj", "{98359C43-F35C-45BB-850E-8E098D482709}"
EndProject
Project("{9A19103F-16F7-4668-BE54-9A1E7A4F7556}") = "Immunization", "Immunization\src\Immunization.csproj", "{1842E377-23AD-4A52-881E-F0B82E7893A8}"
EndProject
Project("{9A19103F-16F7-4668-BE54-9A1E7A4F7556}") = "CommonTests", "Common\test\unit\CommonTests.csproj", "{D55428F4-B07E-46AF-AB09-0F526701173F}"
EndProject
Project("{9A19103F-16F7-4668-BE54-9A1E7A4F7556}") = "ImmunizationTests", "Immunization\test\unit\ImmunizationTests.csproj", "{30741500-8F59-45CF-B753-14EBE6EE275E}"
EndProject
Project("{9A19103F-16F7-4668-BE54-9A1E7A4F7556}") = "DatabaseTests", "Database\test\unit\DatabaseTests.csproj", "{A57A0B42-FF66-4989-96B9-FE9DB4B03FC0}"
EndProject
Project("{9A19103F-16F7-4668-BE54-9A1E7A4F7556}") = "WebClientTests", "WebClient\test\unit\WebClientTests.csproj", "{622DA0CD-5DF2-4FF1-9BE6-524CA0549976}"
EndProject
Project("{9A19103F-16F7-4668-BE54-9A1E7A4F7556}") = "Medication", "Medication\src\Medication.csproj", "{24607238-4330-4732-8988-9D8E496A0C59}"
EndProject
Project("{9A19103F-16F7-4668-BE54-9A1E7A4F7556}") = "MedicationTests", "Medication\test\unit\MedicationTests.csproj", "{99BD4ECB-32B2-4429-95E3-3AFFAF89BD02}"
EndProject
Project("{9A19103F-16F7-4668-BE54-9A1E7A4F7556}") = "Patient", "Patient\src\Patient.csproj", "{F70FE4EA-45C1-43FD-9844-E6538F5EB084}"
EndProject
Project("{9A19103F-16F7-4668-BE54-9A1E7A4F7556}") = "PatientTests", "Patient\test\unit\PatientTests.csproj", "{66487699-BD22-4707-99F8-CBDE347ECE94}"
EndProject
Project("{9A19103F-16F7-4668-BE54-9A1E7A4F7556}") = "JobScheduler", "JobScheduler\src\JobScheduler.csproj", "{7919D2B4-49C0-4638-A325-76642AC1289E}"
EndProject
Project("{2150E333-8FDC-42A3-9474-1A3956D46DE8}") = "Solution Items", "Solution Items", "{C8C17BF5-0961-4BEC-BC89-73D79D6B1C96}"
	ProjectSection(SolutionItems) = preProject
		..\.editorconfig = ..\.editorconfig
		Directory.Build.props = Directory.Build.props
		sonar-config.xml = sonar-config.xml
		stylecop.json = stylecop.json
	EndProjectSection
EndProject
Project("{9A19103F-16F7-4668-BE54-9A1E7A4F7556}") = "Laboratory", "Laboratory\src\Laboratory.csproj", "{A23D2835-87F7-4521-B10F-8E78DAD02929}"
EndProject
Project("{9A19103F-16F7-4668-BE54-9A1E7A4F7556}") = "LaboratoryTests", "Laboratory\test\unit\LaboratoryTests.csproj", "{01C73638-BCE4-4336-9849-54D7CB6E7DF2}"
EndProject
Project("{9A19103F-16F7-4668-BE54-9A1E7A4F7556}") = "Database", "Database\src\Database.csproj", "{45D9118F-76B1-4D72-BE8C-B589F5AE0CC8}"
EndProject
Project("{9A19103F-16F7-4668-BE54-9A1E7A4F7556}") = "AdminWebClientTests", "AdminWebClient\test\unit\AdminWebClientTests.csproj", "{62D7B7CE-05C2-4997-A346-6088DD33A5E2}"
EndProject
Project("{9A19103F-16F7-4668-BE54-9A1E7A4F7556}") = "AdminWebClient", "AdminWebClient\src\AdminWebClient.csproj", "{B1967C76-1BE6-4BAD-AB75-767606BB1B56}"
EndProject
Project("{9A19103F-16F7-4668-BE54-9A1E7A4F7556}") = "Encounter", "Encounter\src\Encounter.csproj", "{A7AB198A-F94C-410A-8832-38404780F2D7}"
EndProject
Project("{9A19103F-16F7-4668-BE54-9A1E7A4F7556}") = "EncounterTests", "Encounter\test\unit\EncounterTests.csproj", "{AE9BCF9A-C2F8-4122-8C46-4FEF1EC4D676}"
EndProject
Project("{9A19103F-16F7-4668-BE54-9A1E7A4F7556}") = "WebClient", "WebClient\src\WebClient.csproj", "{71D7A3C7-E2BF-4B74-A032-2841B8736F26}"
EndProject
Project("{9A19103F-16F7-4668-BE54-9A1E7A4F7556}") = "Mock", "Mock\src\Mock.csproj", "{7267BD8D-B2B0-4C12-A938-CE5C40467732}"
EndProject
Project("{9A19103F-16F7-4668-BE54-9A1E7A4F7556}") = "Common.Data", "CommonData\src\Common.Data.csproj", "{17E4F0B0-6E54-4E5B-8FDF-53150A185CFB}"
EndProject
Project("{9A19103F-16F7-4668-BE54-9A1E7A4F7556}") = "CommonDataTests", "CommonData\test\unit\CommonDataTests.csproj", "{B197DE3E-9C29-4CA0-85D6-225D9D22E5A2}"
EndProject
Project("{9A19103F-16F7-4668-BE54-9A1E7A4F7556}") = "Common.Ui", "CommonUi\src\Common.Ui.csproj", "{6A5DB383-5971-4AFE-9B34-14610D5558CD}"
EndProject
Project("{9A19103F-16F7-4668-BE54-9A1E7A4F7556}") = "CommonUiTests", "CommonUi\test\unit\CommonUiTests.csproj", "{A339FDC0-7796-4F7C-A3A9-34261E83655B}"
EndProject
Project("{9A19103F-16F7-4668-BE54-9A1E7A4F7556}") = "Admin.Server", "Admin\Server\Admin.Server.csproj", "{76F24907-B4C1-4370-97A3-F38F28292A6F}"
EndProject
Project("{9A19103F-16F7-4668-BE54-9A1E7A4F7556}") = "Admin.Tests", "Admin\Tests\Admin.Tests.csproj", "{33F20A22-6911-4BFF-99D8-F166C7D018BA}"
EndProject
Project("{9A19103F-16F7-4668-BE54-9A1E7A4F7556}") = "Admin.Common", "Admin\Common\Admin.Common.csproj", "{60053FA0-4716-4427-BFA9-4E5734697224}"
EndProject
Project("{9A19103F-16F7-4668-BE54-9A1E7A4F7556}") = "Admin.Client", "Admin\Client\Admin.Client.csproj", "{EC80FE0A-DF60-4497-93AE-4506C6F3E747}"
EndProject
Project("{9A19103F-16F7-4668-BE54-9A1E7A4F7556}") = "GatewayApi", "GatewayApi\src\GatewayApi.csproj", "{79313AFE-0E91-4098-AFF7-558918855874}"
EndProject
Project("{9A19103F-16F7-4668-BE54-9A1E7A4F7556}") = "GatewayApiTests", "GatewayApi\test\unit\GatewayApiTests.csproj", "{4C1B9864-FE24-4E58-B8A9-5554BF08AF0B}"
EndProject
Project("{2150E333-8FDC-42A3-9474-1A3956D46DE8}") = "Tests", "Tests", "{11B7A6AA-39F8-407D-8817-2BF5A175F56A}"
EndProject
Project("{9A19103F-16F7-4668-BE54-9A1E7A4F7556}") = "ClinicalDocument", "ClinicalDocument\src\ClinicalDocument.csproj", "{7345F35F-F6F3-44C0-93B4-F60651AF9552}"
EndProject
Project("{9A19103F-16F7-4668-BE54-9A1E7A4F7556}") = "ClinicalDocumentTests", "ClinicalDocument\test\unit\ClinicalDocumentTests.csproj", "{69FC1B42-7E1E-4D21-B1E5-8D1CDE5A50DC}"
EndProject
Project("{2150E333-8FDC-42A3-9474-1A3956D46DE8}") = "DataAccess", "DataAccess", "{2E4BF149-CBE8-4EAE-AA92-816FE8257B2B}"
EndProject
Project("{9A19103F-16F7-4668-BE54-9A1E7A4F7556}") = "PatientDataAccess", "PatientDataAccess\src\PatientDataAccess.csproj", "{FDFE220C-1AE0-4E75-AAD9-9BB064B77813}"
EndProject
Project("{9A19103F-16F7-4668-BE54-9A1E7A4F7556}") = "PatientDataAccessTests", "PatientDataAccess\test\unit\PatientDataAccessTests.csproj", "{3D03D967-9FF3-4172-A38D-2DDE93826581}"
EndProject
Global
	GlobalSection(SolutionConfigurationPlatforms) = preSolution
		Debug|Any CPU = Debug|Any CPU
		Debug|x64 = Debug|x64
		Debug|x86 = Debug|x86
		Release|Any CPU = Release|Any CPU
		Release|x64 = Release|x64
		Release|x86 = Release|x86
	EndGlobalSection
	GlobalSection(ProjectConfigurationPlatforms) = postSolution
		{8660083F-F582-47C6-BC98-6DCF0F4AC851}.Debug|Any CPU.ActiveCfg = Debug|Any CPU
		{8660083F-F582-47C6-BC98-6DCF0F4AC851}.Debug|Any CPU.Build.0 = Debug|Any CPU
		{8660083F-F582-47C6-BC98-6DCF0F4AC851}.Debug|x64.ActiveCfg = Debug|Any CPU
		{8660083F-F582-47C6-BC98-6DCF0F4AC851}.Debug|x64.Build.0 = Debug|Any CPU
		{8660083F-F582-47C6-BC98-6DCF0F4AC851}.Debug|x86.ActiveCfg = Debug|Any CPU
		{8660083F-F582-47C6-BC98-6DCF0F4AC851}.Debug|x86.Build.0 = Debug|Any CPU
		{8660083F-F582-47C6-BC98-6DCF0F4AC851}.Release|Any CPU.ActiveCfg = Release|Any CPU
		{8660083F-F582-47C6-BC98-6DCF0F4AC851}.Release|Any CPU.Build.0 = Release|Any CPU
		{8660083F-F582-47C6-BC98-6DCF0F4AC851}.Release|x64.ActiveCfg = Release|Any CPU
		{8660083F-F582-47C6-BC98-6DCF0F4AC851}.Release|x64.Build.0 = Release|Any CPU
		{8660083F-F582-47C6-BC98-6DCF0F4AC851}.Release|x86.ActiveCfg = Release|Any CPU
		{8660083F-F582-47C6-BC98-6DCF0F4AC851}.Release|x86.Build.0 = Release|Any CPU
		{98359C43-F35C-45BB-850E-8E098D482709}.Debug|Any CPU.ActiveCfg = Debug|Any CPU
		{98359C43-F35C-45BB-850E-8E098D482709}.Debug|Any CPU.Build.0 = Debug|Any CPU
		{98359C43-F35C-45BB-850E-8E098D482709}.Debug|x64.ActiveCfg = Debug|Any CPU
		{98359C43-F35C-45BB-850E-8E098D482709}.Debug|x64.Build.0 = Debug|Any CPU
		{98359C43-F35C-45BB-850E-8E098D482709}.Debug|x86.ActiveCfg = Debug|Any CPU
		{98359C43-F35C-45BB-850E-8E098D482709}.Debug|x86.Build.0 = Debug|Any CPU
		{98359C43-F35C-45BB-850E-8E098D482709}.Release|Any CPU.ActiveCfg = Release|Any CPU
		{98359C43-F35C-45BB-850E-8E098D482709}.Release|Any CPU.Build.0 = Release|Any CPU
		{98359C43-F35C-45BB-850E-8E098D482709}.Release|x64.ActiveCfg = Release|Any CPU
		{98359C43-F35C-45BB-850E-8E098D482709}.Release|x64.Build.0 = Release|Any CPU
		{98359C43-F35C-45BB-850E-8E098D482709}.Release|x86.ActiveCfg = Release|Any CPU
		{98359C43-F35C-45BB-850E-8E098D482709}.Release|x86.Build.0 = Release|Any CPU
		{1842E377-23AD-4A52-881E-F0B82E7893A8}.Debug|Any CPU.ActiveCfg = Debug|Any CPU
		{1842E377-23AD-4A52-881E-F0B82E7893A8}.Debug|Any CPU.Build.0 = Debug|Any CPU
		{1842E377-23AD-4A52-881E-F0B82E7893A8}.Debug|x64.ActiveCfg = Debug|Any CPU
		{1842E377-23AD-4A52-881E-F0B82E7893A8}.Debug|x64.Build.0 = Debug|Any CPU
		{1842E377-23AD-4A52-881E-F0B82E7893A8}.Debug|x86.ActiveCfg = Debug|Any CPU
		{1842E377-23AD-4A52-881E-F0B82E7893A8}.Debug|x86.Build.0 = Debug|Any CPU
		{1842E377-23AD-4A52-881E-F0B82E7893A8}.Release|Any CPU.ActiveCfg = Release|Any CPU
		{1842E377-23AD-4A52-881E-F0B82E7893A8}.Release|Any CPU.Build.0 = Release|Any CPU
		{1842E377-23AD-4A52-881E-F0B82E7893A8}.Release|x64.ActiveCfg = Release|Any CPU
		{1842E377-23AD-4A52-881E-F0B82E7893A8}.Release|x64.Build.0 = Release|Any CPU
		{1842E377-23AD-4A52-881E-F0B82E7893A8}.Release|x86.ActiveCfg = Release|Any CPU
		{1842E377-23AD-4A52-881E-F0B82E7893A8}.Release|x86.Build.0 = Release|Any CPU
		{D55428F4-B07E-46AF-AB09-0F526701173F}.Debug|Any CPU.ActiveCfg = Debug|Any CPU
		{D55428F4-B07E-46AF-AB09-0F526701173F}.Debug|Any CPU.Build.0 = Debug|Any CPU
		{D55428F4-B07E-46AF-AB09-0F526701173F}.Debug|x64.ActiveCfg = Debug|Any CPU
		{D55428F4-B07E-46AF-AB09-0F526701173F}.Debug|x64.Build.0 = Debug|Any CPU
		{D55428F4-B07E-46AF-AB09-0F526701173F}.Debug|x86.ActiveCfg = Debug|Any CPU
		{D55428F4-B07E-46AF-AB09-0F526701173F}.Debug|x86.Build.0 = Debug|Any CPU
		{D55428F4-B07E-46AF-AB09-0F526701173F}.Release|Any CPU.ActiveCfg = Release|Any CPU
		{D55428F4-B07E-46AF-AB09-0F526701173F}.Release|Any CPU.Build.0 = Release|Any CPU
		{D55428F4-B07E-46AF-AB09-0F526701173F}.Release|x64.ActiveCfg = Release|Any CPU
		{D55428F4-B07E-46AF-AB09-0F526701173F}.Release|x64.Build.0 = Release|Any CPU
		{D55428F4-B07E-46AF-AB09-0F526701173F}.Release|x86.ActiveCfg = Release|Any CPU
		{D55428F4-B07E-46AF-AB09-0F526701173F}.Release|x86.Build.0 = Release|Any CPU
		{30741500-8F59-45CF-B753-14EBE6EE275E}.Debug|Any CPU.ActiveCfg = Debug|Any CPU
		{30741500-8F59-45CF-B753-14EBE6EE275E}.Debug|Any CPU.Build.0 = Debug|Any CPU
		{30741500-8F59-45CF-B753-14EBE6EE275E}.Debug|x64.ActiveCfg = Debug|Any CPU
		{30741500-8F59-45CF-B753-14EBE6EE275E}.Debug|x64.Build.0 = Debug|Any CPU
		{30741500-8F59-45CF-B753-14EBE6EE275E}.Debug|x86.ActiveCfg = Debug|Any CPU
		{30741500-8F59-45CF-B753-14EBE6EE275E}.Debug|x86.Build.0 = Debug|Any CPU
		{30741500-8F59-45CF-B753-14EBE6EE275E}.Release|Any CPU.ActiveCfg = Release|Any CPU
		{30741500-8F59-45CF-B753-14EBE6EE275E}.Release|Any CPU.Build.0 = Release|Any CPU
		{30741500-8F59-45CF-B753-14EBE6EE275E}.Release|x64.ActiveCfg = Release|Any CPU
		{30741500-8F59-45CF-B753-14EBE6EE275E}.Release|x64.Build.0 = Release|Any CPU
		{30741500-8F59-45CF-B753-14EBE6EE275E}.Release|x86.ActiveCfg = Release|Any CPU
		{30741500-8F59-45CF-B753-14EBE6EE275E}.Release|x86.Build.0 = Release|Any CPU
		{A57A0B42-FF66-4989-96B9-FE9DB4B03FC0}.Debug|Any CPU.ActiveCfg = Debug|Any CPU
		{A57A0B42-FF66-4989-96B9-FE9DB4B03FC0}.Debug|Any CPU.Build.0 = Debug|Any CPU
		{A57A0B42-FF66-4989-96B9-FE9DB4B03FC0}.Debug|x64.ActiveCfg = Debug|Any CPU
		{A57A0B42-FF66-4989-96B9-FE9DB4B03FC0}.Debug|x64.Build.0 = Debug|Any CPU
		{A57A0B42-FF66-4989-96B9-FE9DB4B03FC0}.Debug|x86.ActiveCfg = Debug|Any CPU
		{A57A0B42-FF66-4989-96B9-FE9DB4B03FC0}.Debug|x86.Build.0 = Debug|Any CPU
		{A57A0B42-FF66-4989-96B9-FE9DB4B03FC0}.Release|Any CPU.ActiveCfg = Release|Any CPU
		{A57A0B42-FF66-4989-96B9-FE9DB4B03FC0}.Release|Any CPU.Build.0 = Release|Any CPU
		{A57A0B42-FF66-4989-96B9-FE9DB4B03FC0}.Release|x64.ActiveCfg = Release|Any CPU
		{A57A0B42-FF66-4989-96B9-FE9DB4B03FC0}.Release|x64.Build.0 = Release|Any CPU
		{A57A0B42-FF66-4989-96B9-FE9DB4B03FC0}.Release|x86.ActiveCfg = Release|Any CPU
		{A57A0B42-FF66-4989-96B9-FE9DB4B03FC0}.Release|x86.Build.0 = Release|Any CPU
		{622DA0CD-5DF2-4FF1-9BE6-524CA0549976}.Debug|Any CPU.ActiveCfg = Debug|Any CPU
		{622DA0CD-5DF2-4FF1-9BE6-524CA0549976}.Debug|Any CPU.Build.0 = Debug|Any CPU
		{622DA0CD-5DF2-4FF1-9BE6-524CA0549976}.Debug|x64.ActiveCfg = Debug|Any CPU
		{622DA0CD-5DF2-4FF1-9BE6-524CA0549976}.Debug|x64.Build.0 = Debug|Any CPU
		{622DA0CD-5DF2-4FF1-9BE6-524CA0549976}.Debug|x86.ActiveCfg = Debug|Any CPU
		{622DA0CD-5DF2-4FF1-9BE6-524CA0549976}.Debug|x86.Build.0 = Debug|Any CPU
		{622DA0CD-5DF2-4FF1-9BE6-524CA0549976}.Release|Any CPU.ActiveCfg = Release|Any CPU
		{622DA0CD-5DF2-4FF1-9BE6-524CA0549976}.Release|Any CPU.Build.0 = Release|Any CPU
		{622DA0CD-5DF2-4FF1-9BE6-524CA0549976}.Release|x64.ActiveCfg = Release|Any CPU
		{622DA0CD-5DF2-4FF1-9BE6-524CA0549976}.Release|x64.Build.0 = Release|Any CPU
		{622DA0CD-5DF2-4FF1-9BE6-524CA0549976}.Release|x86.ActiveCfg = Release|Any CPU
		{622DA0CD-5DF2-4FF1-9BE6-524CA0549976}.Release|x86.Build.0 = Release|Any CPU
		{24607238-4330-4732-8988-9D8E496A0C59}.Debug|Any CPU.ActiveCfg = Debug|Any CPU
		{24607238-4330-4732-8988-9D8E496A0C59}.Debug|Any CPU.Build.0 = Debug|Any CPU
		{24607238-4330-4732-8988-9D8E496A0C59}.Debug|x64.ActiveCfg = Debug|Any CPU
		{24607238-4330-4732-8988-9D8E496A0C59}.Debug|x64.Build.0 = Debug|Any CPU
		{24607238-4330-4732-8988-9D8E496A0C59}.Debug|x86.ActiveCfg = Debug|Any CPU
		{24607238-4330-4732-8988-9D8E496A0C59}.Debug|x86.Build.0 = Debug|Any CPU
		{24607238-4330-4732-8988-9D8E496A0C59}.Release|Any CPU.ActiveCfg = Release|Any CPU
		{24607238-4330-4732-8988-9D8E496A0C59}.Release|Any CPU.Build.0 = Release|Any CPU
		{24607238-4330-4732-8988-9D8E496A0C59}.Release|x64.ActiveCfg = Release|Any CPU
		{24607238-4330-4732-8988-9D8E496A0C59}.Release|x64.Build.0 = Release|Any CPU
		{24607238-4330-4732-8988-9D8E496A0C59}.Release|x86.ActiveCfg = Release|Any CPU
		{24607238-4330-4732-8988-9D8E496A0C59}.Release|x86.Build.0 = Release|Any CPU
		{99BD4ECB-32B2-4429-95E3-3AFFAF89BD02}.Debug|Any CPU.ActiveCfg = Debug|Any CPU
		{99BD4ECB-32B2-4429-95E3-3AFFAF89BD02}.Debug|Any CPU.Build.0 = Debug|Any CPU
		{99BD4ECB-32B2-4429-95E3-3AFFAF89BD02}.Debug|x64.ActiveCfg = Debug|Any CPU
		{99BD4ECB-32B2-4429-95E3-3AFFAF89BD02}.Debug|x64.Build.0 = Debug|Any CPU
		{99BD4ECB-32B2-4429-95E3-3AFFAF89BD02}.Debug|x86.ActiveCfg = Debug|Any CPU
		{99BD4ECB-32B2-4429-95E3-3AFFAF89BD02}.Debug|x86.Build.0 = Debug|Any CPU
		{99BD4ECB-32B2-4429-95E3-3AFFAF89BD02}.Release|Any CPU.ActiveCfg = Release|Any CPU
		{99BD4ECB-32B2-4429-95E3-3AFFAF89BD02}.Release|Any CPU.Build.0 = Release|Any CPU
		{99BD4ECB-32B2-4429-95E3-3AFFAF89BD02}.Release|x64.ActiveCfg = Release|Any CPU
		{99BD4ECB-32B2-4429-95E3-3AFFAF89BD02}.Release|x64.Build.0 = Release|Any CPU
		{99BD4ECB-32B2-4429-95E3-3AFFAF89BD02}.Release|x86.ActiveCfg = Release|Any CPU
		{99BD4ECB-32B2-4429-95E3-3AFFAF89BD02}.Release|x86.Build.0 = Release|Any CPU
		{F70FE4EA-45C1-43FD-9844-E6538F5EB084}.Debug|Any CPU.ActiveCfg = Debug|Any CPU
		{F70FE4EA-45C1-43FD-9844-E6538F5EB084}.Debug|Any CPU.Build.0 = Debug|Any CPU
		{F70FE4EA-45C1-43FD-9844-E6538F5EB084}.Debug|x64.ActiveCfg = Debug|Any CPU
		{F70FE4EA-45C1-43FD-9844-E6538F5EB084}.Debug|x64.Build.0 = Debug|Any CPU
		{F70FE4EA-45C1-43FD-9844-E6538F5EB084}.Debug|x86.ActiveCfg = Debug|Any CPU
		{F70FE4EA-45C1-43FD-9844-E6538F5EB084}.Debug|x86.Build.0 = Debug|Any CPU
		{F70FE4EA-45C1-43FD-9844-E6538F5EB084}.Release|Any CPU.ActiveCfg = Release|Any CPU
		{F70FE4EA-45C1-43FD-9844-E6538F5EB084}.Release|Any CPU.Build.0 = Release|Any CPU
		{F70FE4EA-45C1-43FD-9844-E6538F5EB084}.Release|x64.ActiveCfg = Release|Any CPU
		{F70FE4EA-45C1-43FD-9844-E6538F5EB084}.Release|x64.Build.0 = Release|Any CPU
		{F70FE4EA-45C1-43FD-9844-E6538F5EB084}.Release|x86.ActiveCfg = Release|Any CPU
		{F70FE4EA-45C1-43FD-9844-E6538F5EB084}.Release|x86.Build.0 = Release|Any CPU
		{66487699-BD22-4707-99F8-CBDE347ECE94}.Debug|Any CPU.ActiveCfg = Debug|Any CPU
		{66487699-BD22-4707-99F8-CBDE347ECE94}.Debug|Any CPU.Build.0 = Debug|Any CPU
		{66487699-BD22-4707-99F8-CBDE347ECE94}.Debug|x64.ActiveCfg = Debug|Any CPU
		{66487699-BD22-4707-99F8-CBDE347ECE94}.Debug|x64.Build.0 = Debug|Any CPU
		{66487699-BD22-4707-99F8-CBDE347ECE94}.Debug|x86.ActiveCfg = Debug|Any CPU
		{66487699-BD22-4707-99F8-CBDE347ECE94}.Debug|x86.Build.0 = Debug|Any CPU
		{66487699-BD22-4707-99F8-CBDE347ECE94}.Release|Any CPU.ActiveCfg = Release|Any CPU
		{66487699-BD22-4707-99F8-CBDE347ECE94}.Release|Any CPU.Build.0 = Release|Any CPU
		{66487699-BD22-4707-99F8-CBDE347ECE94}.Release|x64.ActiveCfg = Release|Any CPU
		{66487699-BD22-4707-99F8-CBDE347ECE94}.Release|x64.Build.0 = Release|Any CPU
		{66487699-BD22-4707-99F8-CBDE347ECE94}.Release|x86.ActiveCfg = Release|Any CPU
		{66487699-BD22-4707-99F8-CBDE347ECE94}.Release|x86.Build.0 = Release|Any CPU
		{7919D2B4-49C0-4638-A325-76642AC1289E}.Debug|Any CPU.ActiveCfg = Debug|Any CPU
		{7919D2B4-49C0-4638-A325-76642AC1289E}.Debug|Any CPU.Build.0 = Debug|Any CPU
		{7919D2B4-49C0-4638-A325-76642AC1289E}.Debug|x64.ActiveCfg = Debug|Any CPU
		{7919D2B4-49C0-4638-A325-76642AC1289E}.Debug|x64.Build.0 = Debug|Any CPU
		{7919D2B4-49C0-4638-A325-76642AC1289E}.Debug|x86.ActiveCfg = Debug|Any CPU
		{7919D2B4-49C0-4638-A325-76642AC1289E}.Debug|x86.Build.0 = Debug|Any CPU
		{7919D2B4-49C0-4638-A325-76642AC1289E}.Release|Any CPU.ActiveCfg = Release|Any CPU
		{7919D2B4-49C0-4638-A325-76642AC1289E}.Release|Any CPU.Build.0 = Release|Any CPU
		{7919D2B4-49C0-4638-A325-76642AC1289E}.Release|x64.ActiveCfg = Release|Any CPU
		{7919D2B4-49C0-4638-A325-76642AC1289E}.Release|x64.Build.0 = Release|Any CPU
		{7919D2B4-49C0-4638-A325-76642AC1289E}.Release|x86.ActiveCfg = Release|Any CPU
		{7919D2B4-49C0-4638-A325-76642AC1289E}.Release|x86.Build.0 = Release|Any CPU
		{A23D2835-87F7-4521-B10F-8E78DAD02929}.Debug|Any CPU.ActiveCfg = Debug|Any CPU
		{A23D2835-87F7-4521-B10F-8E78DAD02929}.Debug|Any CPU.Build.0 = Debug|Any CPU
		{A23D2835-87F7-4521-B10F-8E78DAD02929}.Debug|x64.ActiveCfg = Debug|Any CPU
		{A23D2835-87F7-4521-B10F-8E78DAD02929}.Debug|x64.Build.0 = Debug|Any CPU
		{A23D2835-87F7-4521-B10F-8E78DAD02929}.Debug|x86.ActiveCfg = Debug|Any CPU
		{A23D2835-87F7-4521-B10F-8E78DAD02929}.Debug|x86.Build.0 = Debug|Any CPU
		{A23D2835-87F7-4521-B10F-8E78DAD02929}.Release|Any CPU.ActiveCfg = Release|Any CPU
		{A23D2835-87F7-4521-B10F-8E78DAD02929}.Release|Any CPU.Build.0 = Release|Any CPU
		{A23D2835-87F7-4521-B10F-8E78DAD02929}.Release|x64.ActiveCfg = Release|Any CPU
		{A23D2835-87F7-4521-B10F-8E78DAD02929}.Release|x64.Build.0 = Release|Any CPU
		{A23D2835-87F7-4521-B10F-8E78DAD02929}.Release|x86.ActiveCfg = Release|Any CPU
		{A23D2835-87F7-4521-B10F-8E78DAD02929}.Release|x86.Build.0 = Release|Any CPU
		{01C73638-BCE4-4336-9849-54D7CB6E7DF2}.Debug|Any CPU.ActiveCfg = Debug|Any CPU
		{01C73638-BCE4-4336-9849-54D7CB6E7DF2}.Debug|Any CPU.Build.0 = Debug|Any CPU
		{01C73638-BCE4-4336-9849-54D7CB6E7DF2}.Debug|x64.ActiveCfg = Debug|Any CPU
		{01C73638-BCE4-4336-9849-54D7CB6E7DF2}.Debug|x64.Build.0 = Debug|Any CPU
		{01C73638-BCE4-4336-9849-54D7CB6E7DF2}.Debug|x86.ActiveCfg = Debug|Any CPU
		{01C73638-BCE4-4336-9849-54D7CB6E7DF2}.Debug|x86.Build.0 = Debug|Any CPU
		{01C73638-BCE4-4336-9849-54D7CB6E7DF2}.Release|Any CPU.ActiveCfg = Release|Any CPU
		{01C73638-BCE4-4336-9849-54D7CB6E7DF2}.Release|Any CPU.Build.0 = Release|Any CPU
		{01C73638-BCE4-4336-9849-54D7CB6E7DF2}.Release|x64.ActiveCfg = Release|Any CPU
		{01C73638-BCE4-4336-9849-54D7CB6E7DF2}.Release|x64.Build.0 = Release|Any CPU
		{01C73638-BCE4-4336-9849-54D7CB6E7DF2}.Release|x86.ActiveCfg = Release|Any CPU
		{01C73638-BCE4-4336-9849-54D7CB6E7DF2}.Release|x86.Build.0 = Release|Any CPU
		{45D9118F-76B1-4D72-BE8C-B589F5AE0CC8}.Debug|Any CPU.ActiveCfg = Debug|Any CPU
		{45D9118F-76B1-4D72-BE8C-B589F5AE0CC8}.Debug|Any CPU.Build.0 = Debug|Any CPU
		{45D9118F-76B1-4D72-BE8C-B589F5AE0CC8}.Debug|x64.ActiveCfg = Debug|Any CPU
		{45D9118F-76B1-4D72-BE8C-B589F5AE0CC8}.Debug|x64.Build.0 = Debug|Any CPU
		{45D9118F-76B1-4D72-BE8C-B589F5AE0CC8}.Debug|x86.ActiveCfg = Debug|Any CPU
		{45D9118F-76B1-4D72-BE8C-B589F5AE0CC8}.Debug|x86.Build.0 = Debug|Any CPU
		{45D9118F-76B1-4D72-BE8C-B589F5AE0CC8}.Release|Any CPU.ActiveCfg = Release|Any CPU
		{45D9118F-76B1-4D72-BE8C-B589F5AE0CC8}.Release|Any CPU.Build.0 = Release|Any CPU
		{45D9118F-76B1-4D72-BE8C-B589F5AE0CC8}.Release|x64.ActiveCfg = Release|Any CPU
		{45D9118F-76B1-4D72-BE8C-B589F5AE0CC8}.Release|x64.Build.0 = Release|Any CPU
		{45D9118F-76B1-4D72-BE8C-B589F5AE0CC8}.Release|x86.ActiveCfg = Release|Any CPU
		{45D9118F-76B1-4D72-BE8C-B589F5AE0CC8}.Release|x86.Build.0 = Release|Any CPU
		{62D7B7CE-05C2-4997-A346-6088DD33A5E2}.Debug|Any CPU.ActiveCfg = Debug|Any CPU
		{62D7B7CE-05C2-4997-A346-6088DD33A5E2}.Debug|Any CPU.Build.0 = Debug|Any CPU
		{62D7B7CE-05C2-4997-A346-6088DD33A5E2}.Debug|x64.ActiveCfg = Debug|Any CPU
		{62D7B7CE-05C2-4997-A346-6088DD33A5E2}.Debug|x64.Build.0 = Debug|Any CPU
		{62D7B7CE-05C2-4997-A346-6088DD33A5E2}.Debug|x86.ActiveCfg = Debug|Any CPU
		{62D7B7CE-05C2-4997-A346-6088DD33A5E2}.Debug|x86.Build.0 = Debug|Any CPU
		{62D7B7CE-05C2-4997-A346-6088DD33A5E2}.Release|Any CPU.ActiveCfg = Release|Any CPU
		{62D7B7CE-05C2-4997-A346-6088DD33A5E2}.Release|Any CPU.Build.0 = Release|Any CPU
		{62D7B7CE-05C2-4997-A346-6088DD33A5E2}.Release|x64.ActiveCfg = Release|Any CPU
		{62D7B7CE-05C2-4997-A346-6088DD33A5E2}.Release|x64.Build.0 = Release|Any CPU
		{62D7B7CE-05C2-4997-A346-6088DD33A5E2}.Release|x86.ActiveCfg = Release|Any CPU
		{62D7B7CE-05C2-4997-A346-6088DD33A5E2}.Release|x86.Build.0 = Release|Any CPU
		{B1967C76-1BE6-4BAD-AB75-767606BB1B56}.Debug|Any CPU.ActiveCfg = Debug|Any CPU
		{B1967C76-1BE6-4BAD-AB75-767606BB1B56}.Debug|Any CPU.Build.0 = Debug|Any CPU
		{B1967C76-1BE6-4BAD-AB75-767606BB1B56}.Debug|x64.ActiveCfg = Debug|Any CPU
		{B1967C76-1BE6-4BAD-AB75-767606BB1B56}.Debug|x64.Build.0 = Debug|Any CPU
		{B1967C76-1BE6-4BAD-AB75-767606BB1B56}.Debug|x86.ActiveCfg = Debug|Any CPU
		{B1967C76-1BE6-4BAD-AB75-767606BB1B56}.Debug|x86.Build.0 = Debug|Any CPU
		{B1967C76-1BE6-4BAD-AB75-767606BB1B56}.Release|Any CPU.ActiveCfg = Release|Any CPU
		{B1967C76-1BE6-4BAD-AB75-767606BB1B56}.Release|Any CPU.Build.0 = Release|Any CPU
		{B1967C76-1BE6-4BAD-AB75-767606BB1B56}.Release|x64.ActiveCfg = Release|Any CPU
		{B1967C76-1BE6-4BAD-AB75-767606BB1B56}.Release|x64.Build.0 = Release|Any CPU
		{B1967C76-1BE6-4BAD-AB75-767606BB1B56}.Release|x86.ActiveCfg = Release|Any CPU
		{B1967C76-1BE6-4BAD-AB75-767606BB1B56}.Release|x86.Build.0 = Release|Any CPU
		{A7AB198A-F94C-410A-8832-38404780F2D7}.Debug|Any CPU.ActiveCfg = Debug|Any CPU
		{A7AB198A-F94C-410A-8832-38404780F2D7}.Debug|Any CPU.Build.0 = Debug|Any CPU
		{A7AB198A-F94C-410A-8832-38404780F2D7}.Debug|x64.ActiveCfg = Debug|Any CPU
		{A7AB198A-F94C-410A-8832-38404780F2D7}.Debug|x64.Build.0 = Debug|Any CPU
		{A7AB198A-F94C-410A-8832-38404780F2D7}.Debug|x86.ActiveCfg = Debug|Any CPU
		{A7AB198A-F94C-410A-8832-38404780F2D7}.Debug|x86.Build.0 = Debug|Any CPU
		{A7AB198A-F94C-410A-8832-38404780F2D7}.Release|Any CPU.ActiveCfg = Release|Any CPU
		{A7AB198A-F94C-410A-8832-38404780F2D7}.Release|Any CPU.Build.0 = Release|Any CPU
		{A7AB198A-F94C-410A-8832-38404780F2D7}.Release|x64.ActiveCfg = Release|Any CPU
		{A7AB198A-F94C-410A-8832-38404780F2D7}.Release|x64.Build.0 = Release|Any CPU
		{A7AB198A-F94C-410A-8832-38404780F2D7}.Release|x86.ActiveCfg = Release|Any CPU
		{A7AB198A-F94C-410A-8832-38404780F2D7}.Release|x86.Build.0 = Release|Any CPU
		{AE9BCF9A-C2F8-4122-8C46-4FEF1EC4D676}.Debug|Any CPU.ActiveCfg = Debug|Any CPU
		{AE9BCF9A-C2F8-4122-8C46-4FEF1EC4D676}.Debug|Any CPU.Build.0 = Debug|Any CPU
		{AE9BCF9A-C2F8-4122-8C46-4FEF1EC4D676}.Debug|x64.ActiveCfg = Debug|Any CPU
		{AE9BCF9A-C2F8-4122-8C46-4FEF1EC4D676}.Debug|x64.Build.0 = Debug|Any CPU
		{AE9BCF9A-C2F8-4122-8C46-4FEF1EC4D676}.Debug|x86.ActiveCfg = Debug|Any CPU
		{AE9BCF9A-C2F8-4122-8C46-4FEF1EC4D676}.Debug|x86.Build.0 = Debug|Any CPU
		{AE9BCF9A-C2F8-4122-8C46-4FEF1EC4D676}.Release|Any CPU.ActiveCfg = Release|Any CPU
		{AE9BCF9A-C2F8-4122-8C46-4FEF1EC4D676}.Release|Any CPU.Build.0 = Release|Any CPU
		{AE9BCF9A-C2F8-4122-8C46-4FEF1EC4D676}.Release|x64.ActiveCfg = Release|Any CPU
		{AE9BCF9A-C2F8-4122-8C46-4FEF1EC4D676}.Release|x64.Build.0 = Release|Any CPU
		{AE9BCF9A-C2F8-4122-8C46-4FEF1EC4D676}.Release|x86.ActiveCfg = Release|Any CPU
		{AE9BCF9A-C2F8-4122-8C46-4FEF1EC4D676}.Release|x86.Build.0 = Release|Any CPU
		{71D7A3C7-E2BF-4B74-A032-2841B8736F26}.Debug|Any CPU.ActiveCfg = Debug|Any CPU
		{71D7A3C7-E2BF-4B74-A032-2841B8736F26}.Debug|Any CPU.Build.0 = Debug|Any CPU
		{71D7A3C7-E2BF-4B74-A032-2841B8736F26}.Debug|x64.ActiveCfg = Debug|Any CPU
		{71D7A3C7-E2BF-4B74-A032-2841B8736F26}.Debug|x64.Build.0 = Debug|Any CPU
		{71D7A3C7-E2BF-4B74-A032-2841B8736F26}.Debug|x86.ActiveCfg = Debug|Any CPU
		{71D7A3C7-E2BF-4B74-A032-2841B8736F26}.Debug|x86.Build.0 = Debug|Any CPU
		{71D7A3C7-E2BF-4B74-A032-2841B8736F26}.Release|Any CPU.ActiveCfg = Release|Any CPU
		{71D7A3C7-E2BF-4B74-A032-2841B8736F26}.Release|Any CPU.Build.0 = Release|Any CPU
		{71D7A3C7-E2BF-4B74-A032-2841B8736F26}.Release|x64.ActiveCfg = Release|Any CPU
		{71D7A3C7-E2BF-4B74-A032-2841B8736F26}.Release|x64.Build.0 = Release|Any CPU
		{71D7A3C7-E2BF-4B74-A032-2841B8736F26}.Release|x86.ActiveCfg = Release|Any CPU
		{71D7A3C7-E2BF-4B74-A032-2841B8736F26}.Release|x86.Build.0 = Release|Any CPU
		{7267BD8D-B2B0-4C12-A938-CE5C40467732}.Debug|Any CPU.ActiveCfg = Debug|Any CPU
		{7267BD8D-B2B0-4C12-A938-CE5C40467732}.Debug|Any CPU.Build.0 = Debug|Any CPU
		{7267BD8D-B2B0-4C12-A938-CE5C40467732}.Debug|x64.ActiveCfg = Debug|Any CPU
		{7267BD8D-B2B0-4C12-A938-CE5C40467732}.Debug|x64.Build.0 = Debug|Any CPU
		{7267BD8D-B2B0-4C12-A938-CE5C40467732}.Debug|x86.ActiveCfg = Debug|Any CPU
		{7267BD8D-B2B0-4C12-A938-CE5C40467732}.Debug|x86.Build.0 = Debug|Any CPU
		{7267BD8D-B2B0-4C12-A938-CE5C40467732}.Release|Any CPU.ActiveCfg = Release|Any CPU
		{7267BD8D-B2B0-4C12-A938-CE5C40467732}.Release|Any CPU.Build.0 = Release|Any CPU
		{7267BD8D-B2B0-4C12-A938-CE5C40467732}.Release|x64.ActiveCfg = Release|Any CPU
		{7267BD8D-B2B0-4C12-A938-CE5C40467732}.Release|x64.Build.0 = Release|Any CPU
		{7267BD8D-B2B0-4C12-A938-CE5C40467732}.Release|x86.ActiveCfg = Release|Any CPU
		{7267BD8D-B2B0-4C12-A938-CE5C40467732}.Release|x86.Build.0 = Release|Any CPU
		{17E4F0B0-6E54-4E5B-8FDF-53150A185CFB}.Debug|Any CPU.ActiveCfg = Debug|Any CPU
		{17E4F0B0-6E54-4E5B-8FDF-53150A185CFB}.Debug|Any CPU.Build.0 = Debug|Any CPU
		{17E4F0B0-6E54-4E5B-8FDF-53150A185CFB}.Debug|x64.ActiveCfg = Debug|Any CPU
		{17E4F0B0-6E54-4E5B-8FDF-53150A185CFB}.Debug|x64.Build.0 = Debug|Any CPU
		{17E4F0B0-6E54-4E5B-8FDF-53150A185CFB}.Debug|x86.ActiveCfg = Debug|Any CPU
		{17E4F0B0-6E54-4E5B-8FDF-53150A185CFB}.Debug|x86.Build.0 = Debug|Any CPU
		{17E4F0B0-6E54-4E5B-8FDF-53150A185CFB}.Release|Any CPU.ActiveCfg = Release|Any CPU
		{17E4F0B0-6E54-4E5B-8FDF-53150A185CFB}.Release|Any CPU.Build.0 = Release|Any CPU
		{17E4F0B0-6E54-4E5B-8FDF-53150A185CFB}.Release|x64.ActiveCfg = Release|Any CPU
		{17E4F0B0-6E54-4E5B-8FDF-53150A185CFB}.Release|x64.Build.0 = Release|Any CPU
		{17E4F0B0-6E54-4E5B-8FDF-53150A185CFB}.Release|x86.ActiveCfg = Release|Any CPU
		{17E4F0B0-6E54-4E5B-8FDF-53150A185CFB}.Release|x86.Build.0 = Release|Any CPU
		{B197DE3E-9C29-4CA0-85D6-225D9D22E5A2}.Debug|Any CPU.ActiveCfg = Debug|Any CPU
		{B197DE3E-9C29-4CA0-85D6-225D9D22E5A2}.Debug|Any CPU.Build.0 = Debug|Any CPU
		{B197DE3E-9C29-4CA0-85D6-225D9D22E5A2}.Debug|x64.ActiveCfg = Debug|Any CPU
		{B197DE3E-9C29-4CA0-85D6-225D9D22E5A2}.Debug|x64.Build.0 = Debug|Any CPU
		{B197DE3E-9C29-4CA0-85D6-225D9D22E5A2}.Debug|x86.ActiveCfg = Debug|Any CPU
		{B197DE3E-9C29-4CA0-85D6-225D9D22E5A2}.Debug|x86.Build.0 = Debug|Any CPU
		{B197DE3E-9C29-4CA0-85D6-225D9D22E5A2}.Release|Any CPU.ActiveCfg = Release|Any CPU
		{B197DE3E-9C29-4CA0-85D6-225D9D22E5A2}.Release|Any CPU.Build.0 = Release|Any CPU
		{B197DE3E-9C29-4CA0-85D6-225D9D22E5A2}.Release|x64.ActiveCfg = Release|Any CPU
		{B197DE3E-9C29-4CA0-85D6-225D9D22E5A2}.Release|x64.Build.0 = Release|Any CPU
		{B197DE3E-9C29-4CA0-85D6-225D9D22E5A2}.Release|x86.ActiveCfg = Release|Any CPU
		{B197DE3E-9C29-4CA0-85D6-225D9D22E5A2}.Release|x86.Build.0 = Release|Any CPU
		{6A5DB383-5971-4AFE-9B34-14610D5558CD}.Debug|Any CPU.ActiveCfg = Debug|Any CPU
		{6A5DB383-5971-4AFE-9B34-14610D5558CD}.Debug|Any CPU.Build.0 = Debug|Any CPU
		{6A5DB383-5971-4AFE-9B34-14610D5558CD}.Debug|x64.ActiveCfg = Debug|Any CPU
		{6A5DB383-5971-4AFE-9B34-14610D5558CD}.Debug|x64.Build.0 = Debug|Any CPU
		{6A5DB383-5971-4AFE-9B34-14610D5558CD}.Debug|x86.ActiveCfg = Debug|Any CPU
		{6A5DB383-5971-4AFE-9B34-14610D5558CD}.Debug|x86.Build.0 = Debug|Any CPU
		{6A5DB383-5971-4AFE-9B34-14610D5558CD}.Release|Any CPU.ActiveCfg = Release|Any CPU
		{6A5DB383-5971-4AFE-9B34-14610D5558CD}.Release|Any CPU.Build.0 = Release|Any CPU
		{6A5DB383-5971-4AFE-9B34-14610D5558CD}.Release|x64.ActiveCfg = Release|Any CPU
		{6A5DB383-5971-4AFE-9B34-14610D5558CD}.Release|x64.Build.0 = Release|Any CPU
		{6A5DB383-5971-4AFE-9B34-14610D5558CD}.Release|x86.ActiveCfg = Release|Any CPU
		{6A5DB383-5971-4AFE-9B34-14610D5558CD}.Release|x86.Build.0 = Release|Any CPU
		{A339FDC0-7796-4F7C-A3A9-34261E83655B}.Debug|Any CPU.ActiveCfg = Debug|Any CPU
		{A339FDC0-7796-4F7C-A3A9-34261E83655B}.Debug|Any CPU.Build.0 = Debug|Any CPU
		{A339FDC0-7796-4F7C-A3A9-34261E83655B}.Debug|x64.ActiveCfg = Debug|Any CPU
		{A339FDC0-7796-4F7C-A3A9-34261E83655B}.Debug|x64.Build.0 = Debug|Any CPU
		{A339FDC0-7796-4F7C-A3A9-34261E83655B}.Debug|x86.ActiveCfg = Debug|Any CPU
		{A339FDC0-7796-4F7C-A3A9-34261E83655B}.Debug|x86.Build.0 = Debug|Any CPU
		{A339FDC0-7796-4F7C-A3A9-34261E83655B}.Release|Any CPU.ActiveCfg = Release|Any CPU
		{A339FDC0-7796-4F7C-A3A9-34261E83655B}.Release|Any CPU.Build.0 = Release|Any CPU
		{A339FDC0-7796-4F7C-A3A9-34261E83655B}.Release|x64.ActiveCfg = Release|Any CPU
		{A339FDC0-7796-4F7C-A3A9-34261E83655B}.Release|x64.Build.0 = Release|Any CPU
		{A339FDC0-7796-4F7C-A3A9-34261E83655B}.Release|x86.ActiveCfg = Release|Any CPU
		{A339FDC0-7796-4F7C-A3A9-34261E83655B}.Release|x86.Build.0 = Release|Any CPU
		{76F24907-B4C1-4370-97A3-F38F28292A6F}.Debug|Any CPU.ActiveCfg = Debug|Any CPU
		{76F24907-B4C1-4370-97A3-F38F28292A6F}.Debug|Any CPU.Build.0 = Debug|Any CPU
		{76F24907-B4C1-4370-97A3-F38F28292A6F}.Debug|x64.ActiveCfg = Debug|Any CPU
		{76F24907-B4C1-4370-97A3-F38F28292A6F}.Debug|x64.Build.0 = Debug|Any CPU
		{76F24907-B4C1-4370-97A3-F38F28292A6F}.Debug|x86.ActiveCfg = Debug|Any CPU
		{76F24907-B4C1-4370-97A3-F38F28292A6F}.Debug|x86.Build.0 = Debug|Any CPU
		{76F24907-B4C1-4370-97A3-F38F28292A6F}.Release|Any CPU.ActiveCfg = Release|Any CPU
		{76F24907-B4C1-4370-97A3-F38F28292A6F}.Release|Any CPU.Build.0 = Release|Any CPU
		{76F24907-B4C1-4370-97A3-F38F28292A6F}.Release|x64.ActiveCfg = Release|Any CPU
		{76F24907-B4C1-4370-97A3-F38F28292A6F}.Release|x64.Build.0 = Release|Any CPU
		{76F24907-B4C1-4370-97A3-F38F28292A6F}.Release|x86.ActiveCfg = Release|Any CPU
		{76F24907-B4C1-4370-97A3-F38F28292A6F}.Release|x86.Build.0 = Release|Any CPU
		{33F20A22-6911-4BFF-99D8-F166C7D018BA}.Debug|Any CPU.ActiveCfg = Debug|Any CPU
		{33F20A22-6911-4BFF-99D8-F166C7D018BA}.Debug|Any CPU.Build.0 = Debug|Any CPU
		{33F20A22-6911-4BFF-99D8-F166C7D018BA}.Debug|x64.ActiveCfg = Debug|Any CPU
		{33F20A22-6911-4BFF-99D8-F166C7D018BA}.Debug|x64.Build.0 = Debug|Any CPU
		{33F20A22-6911-4BFF-99D8-F166C7D018BA}.Debug|x86.ActiveCfg = Debug|Any CPU
		{33F20A22-6911-4BFF-99D8-F166C7D018BA}.Debug|x86.Build.0 = Debug|Any CPU
		{33F20A22-6911-4BFF-99D8-F166C7D018BA}.Release|Any CPU.ActiveCfg = Release|Any CPU
		{33F20A22-6911-4BFF-99D8-F166C7D018BA}.Release|Any CPU.Build.0 = Release|Any CPU
		{33F20A22-6911-4BFF-99D8-F166C7D018BA}.Release|x64.ActiveCfg = Release|Any CPU
		{33F20A22-6911-4BFF-99D8-F166C7D018BA}.Release|x64.Build.0 = Release|Any CPU
		{33F20A22-6911-4BFF-99D8-F166C7D018BA}.Release|x86.ActiveCfg = Release|Any CPU
		{33F20A22-6911-4BFF-99D8-F166C7D018BA}.Release|x86.Build.0 = Release|Any CPU
		{60053FA0-4716-4427-BFA9-4E5734697224}.Debug|Any CPU.ActiveCfg = Debug|Any CPU
		{60053FA0-4716-4427-BFA9-4E5734697224}.Debug|Any CPU.Build.0 = Debug|Any CPU
		{60053FA0-4716-4427-BFA9-4E5734697224}.Debug|x64.ActiveCfg = Debug|Any CPU
		{60053FA0-4716-4427-BFA9-4E5734697224}.Debug|x64.Build.0 = Debug|Any CPU
		{60053FA0-4716-4427-BFA9-4E5734697224}.Debug|x86.ActiveCfg = Debug|Any CPU
		{60053FA0-4716-4427-BFA9-4E5734697224}.Debug|x86.Build.0 = Debug|Any CPU
		{60053FA0-4716-4427-BFA9-4E5734697224}.Release|Any CPU.ActiveCfg = Release|Any CPU
		{60053FA0-4716-4427-BFA9-4E5734697224}.Release|Any CPU.Build.0 = Release|Any CPU
		{60053FA0-4716-4427-BFA9-4E5734697224}.Release|x64.ActiveCfg = Release|Any CPU
		{60053FA0-4716-4427-BFA9-4E5734697224}.Release|x64.Build.0 = Release|Any CPU
		{60053FA0-4716-4427-BFA9-4E5734697224}.Release|x86.ActiveCfg = Release|Any CPU
		{60053FA0-4716-4427-BFA9-4E5734697224}.Release|x86.Build.0 = Release|Any CPU
		{EC80FE0A-DF60-4497-93AE-4506C6F3E747}.Debug|Any CPU.ActiveCfg = Debug|Any CPU
		{EC80FE0A-DF60-4497-93AE-4506C6F3E747}.Debug|Any CPU.Build.0 = Debug|Any CPU
		{EC80FE0A-DF60-4497-93AE-4506C6F3E747}.Debug|x64.ActiveCfg = Debug|Any CPU
		{EC80FE0A-DF60-4497-93AE-4506C6F3E747}.Debug|x64.Build.0 = Debug|Any CPU
		{EC80FE0A-DF60-4497-93AE-4506C6F3E747}.Debug|x86.ActiveCfg = Debug|Any CPU
		{EC80FE0A-DF60-4497-93AE-4506C6F3E747}.Debug|x86.Build.0 = Debug|Any CPU
		{EC80FE0A-DF60-4497-93AE-4506C6F3E747}.Release|Any CPU.ActiveCfg = Release|Any CPU
		{EC80FE0A-DF60-4497-93AE-4506C6F3E747}.Release|Any CPU.Build.0 = Release|Any CPU
		{EC80FE0A-DF60-4497-93AE-4506C6F3E747}.Release|x64.ActiveCfg = Release|Any CPU
		{EC80FE0A-DF60-4497-93AE-4506C6F3E747}.Release|x64.Build.0 = Release|Any CPU
		{EC80FE0A-DF60-4497-93AE-4506C6F3E747}.Release|x86.ActiveCfg = Release|Any CPU
		{EC80FE0A-DF60-4497-93AE-4506C6F3E747}.Release|x86.Build.0 = Release|Any CPU
		{79313AFE-0E91-4098-AFF7-558918855874}.Debug|Any CPU.ActiveCfg = Debug|Any CPU
		{79313AFE-0E91-4098-AFF7-558918855874}.Debug|Any CPU.Build.0 = Debug|Any CPU
		{79313AFE-0E91-4098-AFF7-558918855874}.Debug|x64.ActiveCfg = Debug|Any CPU
		{79313AFE-0E91-4098-AFF7-558918855874}.Debug|x64.Build.0 = Debug|Any CPU
		{79313AFE-0E91-4098-AFF7-558918855874}.Debug|x86.ActiveCfg = Debug|Any CPU
		{79313AFE-0E91-4098-AFF7-558918855874}.Debug|x86.Build.0 = Debug|Any CPU
		{79313AFE-0E91-4098-AFF7-558918855874}.Release|Any CPU.ActiveCfg = Release|Any CPU
		{79313AFE-0E91-4098-AFF7-558918855874}.Release|Any CPU.Build.0 = Release|Any CPU
		{79313AFE-0E91-4098-AFF7-558918855874}.Release|x64.ActiveCfg = Release|Any CPU
		{79313AFE-0E91-4098-AFF7-558918855874}.Release|x64.Build.0 = Release|Any CPU
		{79313AFE-0E91-4098-AFF7-558918855874}.Release|x86.ActiveCfg = Release|Any CPU
		{79313AFE-0E91-4098-AFF7-558918855874}.Release|x86.Build.0 = Release|Any CPU
		{4C1B9864-FE24-4E58-B8A9-5554BF08AF0B}.Debug|Any CPU.ActiveCfg = Debug|Any CPU
		{4C1B9864-FE24-4E58-B8A9-5554BF08AF0B}.Debug|Any CPU.Build.0 = Debug|Any CPU
		{4C1B9864-FE24-4E58-B8A9-5554BF08AF0B}.Debug|x64.ActiveCfg = Debug|Any CPU
		{4C1B9864-FE24-4E58-B8A9-5554BF08AF0B}.Debug|x64.Build.0 = Debug|Any CPU
		{4C1B9864-FE24-4E58-B8A9-5554BF08AF0B}.Debug|x86.ActiveCfg = Debug|Any CPU
		{4C1B9864-FE24-4E58-B8A9-5554BF08AF0B}.Debug|x86.Build.0 = Debug|Any CPU
		{4C1B9864-FE24-4E58-B8A9-5554BF08AF0B}.Release|Any CPU.ActiveCfg = Release|Any CPU
		{4C1B9864-FE24-4E58-B8A9-5554BF08AF0B}.Release|Any CPU.Build.0 = Release|Any CPU
		{4C1B9864-FE24-4E58-B8A9-5554BF08AF0B}.Release|x64.ActiveCfg = Release|Any CPU
		{4C1B9864-FE24-4E58-B8A9-5554BF08AF0B}.Release|x64.Build.0 = Release|Any CPU
		{4C1B9864-FE24-4E58-B8A9-5554BF08AF0B}.Release|x86.ActiveCfg = Release|Any CPU
		{4C1B9864-FE24-4E58-B8A9-5554BF08AF0B}.Release|x86.Build.0 = Release|Any CPU
		{7345F35F-F6F3-44C0-93B4-F60651AF9552}.Debug|Any CPU.ActiveCfg = Debug|Any CPU
		{7345F35F-F6F3-44C0-93B4-F60651AF9552}.Debug|Any CPU.Build.0 = Debug|Any CPU
		{7345F35F-F6F3-44C0-93B4-F60651AF9552}.Debug|x64.ActiveCfg = Debug|Any CPU
		{7345F35F-F6F3-44C0-93B4-F60651AF9552}.Debug|x64.Build.0 = Debug|Any CPU
		{7345F35F-F6F3-44C0-93B4-F60651AF9552}.Debug|x86.ActiveCfg = Debug|Any CPU
		{7345F35F-F6F3-44C0-93B4-F60651AF9552}.Debug|x86.Build.0 = Debug|Any CPU
		{7345F35F-F6F3-44C0-93B4-F60651AF9552}.Release|Any CPU.ActiveCfg = Release|Any CPU
		{7345F35F-F6F3-44C0-93B4-F60651AF9552}.Release|Any CPU.Build.0 = Release|Any CPU
		{7345F35F-F6F3-44C0-93B4-F60651AF9552}.Release|x64.ActiveCfg = Release|Any CPU
		{7345F35F-F6F3-44C0-93B4-F60651AF9552}.Release|x64.Build.0 = Release|Any CPU
		{7345F35F-F6F3-44C0-93B4-F60651AF9552}.Release|x86.ActiveCfg = Release|Any CPU
		{7345F35F-F6F3-44C0-93B4-F60651AF9552}.Release|x86.Build.0 = Release|Any CPU
		{69FC1B42-7E1E-4D21-B1E5-8D1CDE5A50DC}.Debug|Any CPU.ActiveCfg = Debug|Any CPU
		{69FC1B42-7E1E-4D21-B1E5-8D1CDE5A50DC}.Debug|Any CPU.Build.0 = Debug|Any CPU
		{69FC1B42-7E1E-4D21-B1E5-8D1CDE5A50DC}.Debug|x64.ActiveCfg = Debug|Any CPU
		{69FC1B42-7E1E-4D21-B1E5-8D1CDE5A50DC}.Debug|x64.Build.0 = Debug|Any CPU
		{69FC1B42-7E1E-4D21-B1E5-8D1CDE5A50DC}.Debug|x86.ActiveCfg = Debug|Any CPU
		{69FC1B42-7E1E-4D21-B1E5-8D1CDE5A50DC}.Debug|x86.Build.0 = Debug|Any CPU
		{69FC1B42-7E1E-4D21-B1E5-8D1CDE5A50DC}.Release|Any CPU.ActiveCfg = Release|Any CPU
		{69FC1B42-7E1E-4D21-B1E5-8D1CDE5A50DC}.Release|Any CPU.Build.0 = Release|Any CPU
		{69FC1B42-7E1E-4D21-B1E5-8D1CDE5A50DC}.Release|x64.ActiveCfg = Release|Any CPU
		{69FC1B42-7E1E-4D21-B1E5-8D1CDE5A50DC}.Release|x64.Build.0 = Release|Any CPU
		{69FC1B42-7E1E-4D21-B1E5-8D1CDE5A50DC}.Release|x86.ActiveCfg = Release|Any CPU
		{69FC1B42-7E1E-4D21-B1E5-8D1CDE5A50DC}.Release|x86.Build.0 = Release|Any CPU
		{FDFE220C-1AE0-4E75-AAD9-9BB064B77813}.Debug|Any CPU.ActiveCfg = Debug|Any CPU
		{FDFE220C-1AE0-4E75-AAD9-9BB064B77813}.Debug|Any CPU.Build.0 = Debug|Any CPU
		{FDFE220C-1AE0-4E75-AAD9-9BB064B77813}.Debug|x64.ActiveCfg = Debug|Any CPU
		{FDFE220C-1AE0-4E75-AAD9-9BB064B77813}.Debug|x64.Build.0 = Debug|Any CPU
		{FDFE220C-1AE0-4E75-AAD9-9BB064B77813}.Debug|x86.ActiveCfg = Debug|Any CPU
		{FDFE220C-1AE0-4E75-AAD9-9BB064B77813}.Debug|x86.Build.0 = Debug|Any CPU
		{FDFE220C-1AE0-4E75-AAD9-9BB064B77813}.Release|Any CPU.ActiveCfg = Release|Any CPU
		{FDFE220C-1AE0-4E75-AAD9-9BB064B77813}.Release|Any CPU.Build.0 = Release|Any CPU
		{FDFE220C-1AE0-4E75-AAD9-9BB064B77813}.Release|x64.ActiveCfg = Release|Any CPU
		{FDFE220C-1AE0-4E75-AAD9-9BB064B77813}.Release|x64.Build.0 = Release|Any CPU
		{FDFE220C-1AE0-4E75-AAD9-9BB064B77813}.Release|x86.ActiveCfg = Release|Any CPU
		{FDFE220C-1AE0-4E75-AAD9-9BB064B77813}.Release|x86.Build.0 = Release|Any CPU
		{3D03D967-9FF3-4172-A38D-2DDE93826581}.Debug|Any CPU.ActiveCfg = Debug|Any CPU
		{3D03D967-9FF3-4172-A38D-2DDE93826581}.Debug|Any CPU.Build.0 = Debug|Any CPU
		{3D03D967-9FF3-4172-A38D-2DDE93826581}.Debug|x64.ActiveCfg = Debug|Any CPU
		{3D03D967-9FF3-4172-A38D-2DDE93826581}.Debug|x64.Build.0 = Debug|Any CPU
		{3D03D967-9FF3-4172-A38D-2DDE93826581}.Debug|x86.ActiveCfg = Debug|Any CPU
		{3D03D967-9FF3-4172-A38D-2DDE93826581}.Debug|x86.Build.0 = Debug|Any CPU
		{3D03D967-9FF3-4172-A38D-2DDE93826581}.Release|Any CPU.ActiveCfg = Release|Any CPU
		{3D03D967-9FF3-4172-A38D-2DDE93826581}.Release|Any CPU.Build.0 = Release|Any CPU
		{3D03D967-9FF3-4172-A38D-2DDE93826581}.Release|x64.ActiveCfg = Release|Any CPU
		{3D03D967-9FF3-4172-A38D-2DDE93826581}.Release|x64.Build.0 = Release|Any CPU
		{3D03D967-9FF3-4172-A38D-2DDE93826581}.Release|x86.ActiveCfg = Release|Any CPU
		{3D03D967-9FF3-4172-A38D-2DDE93826581}.Release|x86.Build.0 = Release|Any CPU
	EndGlobalSection
	GlobalSection(SolutionProperties) = preSolution
		HideSolutionNode = FALSE
	EndGlobalSection
	GlobalSection(NestedProjects) = preSolution
		{D55428F4-B07E-46AF-AB09-0F526701173F} = {11B7A6AA-39F8-407D-8817-2BF5A175F56A}
		{30741500-8F59-45CF-B753-14EBE6EE275E} = {11B7A6AA-39F8-407D-8817-2BF5A175F56A}
		{A57A0B42-FF66-4989-96B9-FE9DB4B03FC0} = {11B7A6AA-39F8-407D-8817-2BF5A175F56A}
		{622DA0CD-5DF2-4FF1-9BE6-524CA0549976} = {11B7A6AA-39F8-407D-8817-2BF5A175F56A}
		{99BD4ECB-32B2-4429-95E3-3AFFAF89BD02} = {11B7A6AA-39F8-407D-8817-2BF5A175F56A}
		{66487699-BD22-4707-99F8-CBDE347ECE94} = {11B7A6AA-39F8-407D-8817-2BF5A175F56A}
		{01C73638-BCE4-4336-9849-54D7CB6E7DF2} = {11B7A6AA-39F8-407D-8817-2BF5A175F56A}
		{45D9118F-76B1-4D72-BE8C-B589F5AE0CC8} = {2E4BF149-CBE8-4EAE-AA92-816FE8257B2B}
		{62D7B7CE-05C2-4997-A346-6088DD33A5E2} = {11B7A6AA-39F8-407D-8817-2BF5A175F56A}
		{AE9BCF9A-C2F8-4122-8C46-4FEF1EC4D676} = {11B7A6AA-39F8-407D-8817-2BF5A175F56A}
		{B197DE3E-9C29-4CA0-85D6-225D9D22E5A2} = {11B7A6AA-39F8-407D-8817-2BF5A175F56A}
		{A339FDC0-7796-4F7C-A3A9-34261E83655B} = {11B7A6AA-39F8-407D-8817-2BF5A175F56A}
		{33F20A22-6911-4BFF-99D8-F166C7D018BA} = {11B7A6AA-39F8-407D-8817-2BF5A175F56A}
		{4C1B9864-FE24-4E58-B8A9-5554BF08AF0B} = {11B7A6AA-39F8-407D-8817-2BF5A175F56A}
		{69FC1B42-7E1E-4D21-B1E5-8D1CDE5A50DC} = {11B7A6AA-39F8-407D-8817-2BF5A175F56A}
		{FDFE220C-1AE0-4E75-AAD9-9BB064B77813} = {2E4BF149-CBE8-4EAE-AA92-816FE8257B2B}
		{3D03D967-9FF3-4172-A38D-2DDE93826581} = {11B7A6AA-39F8-407D-8817-2BF5A175F56A}
	EndGlobalSection
	GlobalSection(ExtensibilityGlobals) = postSolution
		SolutionGuid = {80946C82-3F9C-4F96-B46F-59A297C44E36}
	EndGlobalSection
	GlobalSection(MonoDevelopProperties) = preSolution
		Policies = $0
		$0.StandardHeader = $1
		$1.Text = @-------------------------------------------------------------------------\r\n Copyright © 2019 Province of British Columbia\r\n\r\n Licensed under the Apache License, Version 2.0 (the "License");\r\n you may not use this file except in compliance with the License.\r\n You may obtain a copy of the License at\r\n\r\n http://www.apache.org/licenses/LICENSE-2.0\r\n\r\n Unless required by applicable law or agreed to in writing, software\r\n distributed under the License is distributed on an "AS IS" BASIS,\r\n WITHOUT WARRANTIES OR CONDITIONS OF ANY KIND, either express or implied.\r\n See the License for the specific language governing permissions and\r\n limitations under the License.\r\n-------------------------------------------------------------------------
	EndGlobalSection
EndGlobal
